
Microsoft Visual Studio Solution File, Format Version 12.00
# Visual Studio Version 16
VisualStudioVersion = 16.0.31613.86
MinimumVisualStudioVersion = 10.0.40219.1
Project("{9A19103F-16F7-4668-BE54-9A1E7A4F7556}") = "iFood.Reviews.Api", "Presentation\iFood.Reviews.Api\iFood.Reviews.Api.csproj", "{10B3877E-C727-412B-932B-7A3C40AF1E12}"
EndProject
Project("{2150E333-8FDC-42A3-9474-1A3956D46DE8}") = "Infrastructure", "Infrastructure", "{BA35DA99-E156-4A1D-B0C2-1F275D15833E}"
EndProject
Project("{2150E333-8FDC-42A3-9474-1A3956D46DE8}") = "Presentation", "Presentation", "{C6F08305-F591-4F3D-AF88-8B827FDE76E1}"
EndProject
Project("{2150E333-8FDC-42A3-9474-1A3956D46DE8}") = "Domain", "Domain", "{D54061C6-F22E-4E27-9930-743AC8C80FE5}"
EndProject
Project("{9A19103F-16F7-4668-BE54-9A1E7A4F7556}") = "iFood.Reviews.Data", "Infrastructure\iFood.Reviews.Data\iFood.Reviews.Data.csproj", "{79BB6AB1-81C6-4C2D-AB13-5D637B5BA206}"
EndProject
Project("{9A19103F-16F7-4668-BE54-9A1E7A4F7556}") = "iFood.Reviews", "Domain\iFood.Reviews\iFood.Reviews.csproj", "{004EF462-0876-462F-B60E-898DF71EFBEB}"
EndProject
Project("{9A19103F-16F7-4668-BE54-9A1E7A4F7556}") = "iFood.Reviews.Data.Tests", "Infrastructure\iFood.Reviews.Data.Tests\iFood.Reviews.Data.Tests.csproj", "{641DD2E0-A938-47CE-BA28-CBAD05D0FAD8}"
EndProject
Project("{9A19103F-16F7-4668-BE54-9A1E7A4F7556}") = "iFood.Reviews.Tests", "Domain\iFood.Reviews.Tests\iFood.Reviews.Tests.csproj", "{368FFFB2-61DA-4B2F-ACB0-A02249FF188D}"
EndProject
Project("{D954291E-2A0B-460D-934E-DC6B0785DB48}") = "iFood.Tests", "Framework\iFood.Tests\iFood.Tests.shproj", "{94EECEDD-1B31-4DD8-BA02-38ABC9F2F42A}"
EndProject
Project("{2150E333-8FDC-42A3-9474-1A3956D46DE8}") = "Framework", "Framework", "{5D43749B-736A-465E-B31C-8F1D58C0CEB2}"
EndProject
Project("{E53339B2-1760-4266-BCC7-CA923CBCF16C}") = "docker-compose", "docker-compose.dcproj", "{FBB71375-E1CC-45EA-B008-9766869F5B4E}"
EndProject
Global
	GlobalSection(SharedMSBuildProjectFiles) = preSolution
		Framework\iFood.Tests\iFood.Tests.projitems*{368fffb2-61da-4b2f-acb0-a02249ff188d}*SharedItemsImports = 5
		Framework\iFood.Tests\iFood.Tests.projitems*{641dd2e0-a938-47ce-ba28-cbad05d0fad8}*SharedItemsImports = 5
		Framework\iFood.Tests\iFood.Tests.projitems*{94eecedd-1b31-4dd8-ba02-38abc9f2f42a}*SharedItemsImports = 13
	EndGlobalSection
	GlobalSection(SolutionConfigurationPlatforms) = preSolution
		Debug|Any CPU = Debug|Any CPU
		Release|Any CPU = Release|Any CPU
	EndGlobalSection
	GlobalSection(ProjectConfigurationPlatforms) = postSolution
		{10B3877E-C727-412B-932B-7A3C40AF1E12}.Debug|Any CPU.ActiveCfg = Debug|Any CPU
		{10B3877E-C727-412B-932B-7A3C40AF1E12}.Debug|Any CPU.Build.0 = Debug|Any CPU
		{10B3877E-C727-412B-932B-7A3C40AF1E12}.Release|Any CPU.ActiveCfg = Release|Any CPU
		{10B3877E-C727-412B-932B-7A3C40AF1E12}.Release|Any CPU.Build.0 = Release|Any CPU
		{79BB6AB1-81C6-4C2D-AB13-5D637B5BA206}.Debug|Any CPU.ActiveCfg = Debug|Any CPU
		{79BB6AB1-81C6-4C2D-AB13-5D637B5BA206}.Debug|Any CPU.Build.0 = Debug|Any CPU
		{79BB6AB1-81C6-4C2D-AB13-5D637B5BA206}.Release|Any CPU.ActiveCfg = Release|Any CPU
		{79BB6AB1-81C6-4C2D-AB13-5D637B5BA206}.Release|Any CPU.Build.0 = Release|Any CPU
		{004EF462-0876-462F-B60E-898DF71EFBEB}.Debug|Any CPU.ActiveCfg = Debug|Any CPU
		{004EF462-0876-462F-B60E-898DF71EFBEB}.Debug|Any CPU.Build.0 = Debug|Any CPU
		{004EF462-0876-462F-B60E-898DF71EFBEB}.Release|Any CPU.ActiveCfg = Release|Any CPU
		{004EF462-0876-462F-B60E-898DF71EFBEB}.Release|Any CPU.Build.0 = Release|Any CPU
		{641DD2E0-A938-47CE-BA28-CBAD05D0FAD8}.Debug|Any CPU.ActiveCfg = Debug|Any CPU
		{641DD2E0-A938-47CE-BA28-CBAD05D0FAD8}.Debug|Any CPU.Build.0 = Debug|Any CPU
		{641DD2E0-A938-47CE-BA28-CBAD05D0FAD8}.Release|Any CPU.ActiveCfg = Release|Any CPU
		{641DD2E0-A938-47CE-BA28-CBAD05D0FAD8}.Release|Any CPU.Build.0 = Release|Any CPU
		{368FFFB2-61DA-4B2F-ACB0-A02249FF188D}.Debug|Any CPU.ActiveCfg = Debug|Any CPU
		{368FFFB2-61DA-4B2F-ACB0-A02249FF188D}.Debug|Any CPU.Build.0 = Debug|Any CPU
		{368FFFB2-61DA-4B2F-ACB0-A02249FF188D}.Release|Any CPU.ActiveCfg = Release|Any CPU
		{368FFFB2-61DA-4B2F-ACB0-A02249FF188D}.Release|Any CPU.Build.0 = Release|Any CPU
		{FBB71375-E1CC-45EA-B008-9766869F5B4E}.Debug|Any CPU.ActiveCfg = Debug|Any CPU
		{FBB71375-E1CC-45EA-B008-9766869F5B4E}.Debug|Any CPU.Build.0 = Debug|Any CPU
		{FBB71375-E1CC-45EA-B008-9766869F5B4E}.Release|Any CPU.ActiveCfg = Release|Any CPU
		{FBB71375-E1CC-45EA-B008-9766869F5B4E}.Release|Any CPU.Build.0 = Release|Any CPU
	EndGlobalSection
	GlobalSection(SolutionProperties) = preSolution
		HideSolutionNode = FALSE
	EndGlobalSection
	GlobalSection(NestedProjects) = preSolution
		{10B3877E-C727-412B-932B-7A3C40AF1E12} = {C6F08305-F591-4F3D-AF88-8B827FDE76E1}
		{79BB6AB1-81C6-4C2D-AB13-5D637B5BA206} = {BA35DA99-E156-4A1D-B0C2-1F275D15833E}
		{004EF462-0876-462F-B60E-898DF71EFBEB} = {D54061C6-F22E-4E27-9930-743AC8C80FE5}
		{641DD2E0-A938-47CE-BA28-CBAD05D0FAD8} = {BA35DA99-E156-4A1D-B0C2-1F275D15833E}
		{368FFFB2-61DA-4B2F-ACB0-A02249FF188D} = {D54061C6-F22E-4E27-9930-743AC8C80FE5}
		{94EECEDD-1B31-4DD8-BA02-38ABC9F2F42A} = {5D43749B-736A-465E-B31C-8F1D58C0CEB2}
	EndGlobalSection
	GlobalSection(ExtensibilityGlobals) = postSolution
		SolutionGuid = {71BCBFEF-896E-4B5E-8EDD-00B42D7CA4D3}
	EndGlobalSection
EndGlobal
